
Microsoft Visual Studio Solution File, Format Version 12.00
# Visual Studio 2012
Project("{FAE04EC0-301F-11D3-BF4B-00C04F79EFBC}") = "demo", "demo\demo.csproj", "{0B6E9A62-AC30-4909-8800-930B8E9FF452}"
EndProject
Project("{FAE04EC0-301F-11D3-BF4B-00C04F79EFBC}") = "demoTest", "demoTest\demoTest.csproj", "{3596A191-E13E-4427-833E-DC95D466F524}"
EndProject
Project("{FAE04EC0-301F-11D3-BF4B-00C04F79EFBC}") = "ReversedStringTestTBB", "ReversedStringTestTBB\ReversedStringTestTBB.csproj", "{9DAB4367-1533-4534-AFDA-04B4E92E9A3A}"
EndProject
Global
	GlobalSection(SolutionConfigurationPlatforms) = preSolution
		Debug|Any CPU = Debug|Any CPU
		Release|Any CPU = Release|Any CPU
	EndGlobalSection
	GlobalSection(ProjectConfigurationPlatforms) = postSolution
		{0B6E9A62-AC30-4909-8800-930B8E9FF452}.Debug|Any CPU.ActiveCfg = Debug|Any CPU
		{0B6E9A62-AC30-4909-8800-930B8E9FF452}.Debug|Any CPU.Build.0 = Debug|Any CPU
		{0B6E9A62-AC30-4909-8800-930B8E9FF452}.Release|Any CPU.ActiveCfg = Release|Any CPU
		{0B6E9A62-AC30-4909-8800-930B8E9FF452}.Release|Any CPU.Build.0 = Release|Any CPU
		{3596A191-E13E-4427-833E-DC95D466F524}.Debug|Any CPU.ActiveCfg = Debug|Any CPU
		{3596A191-E13E-4427-833E-DC95D466F524}.Debug|Any CPU.Build.0 = Debug|Any CPU
		{3596A191-E13E-4427-833E-DC95D466F524}.Release|Any CPU.ActiveCfg = Release|Any CPU
		{3596A191-E13E-4427-833E-DC95D466F524}.Release|Any CPU.Build.0 = Release|Any CPU
		{9DAB4367-1533-4534-AFDA-04B4E92E9A3A}.Debug|Any CPU.ActiveCfg = Debug|Any CPU
		{9DAB4367-1533-4534-AFDA-04B4E92E9A3A}.Debug|Any CPU.Build.0 = Debug|Any CPU
		{9DAB4367-1533-4534-AFDA-04B4E92E9A3A}.Release|Any CPU.ActiveCfg = Release|Any CPU
		{9DAB4367-1533-4534-AFDA-04B4E92E9A3A}.Release|Any CPU.Build.0 = Release|Any CPU
	EndGlobalSection
	GlobalSection(SolutionProperties) = preSolution
		HideSolutionNode = FALSE
	EndGlobalSection
EndGlobal
